// !$*UTF8*$!
{
	archiveVersion = 1;
	classes = {
	};
	objectVersion = 56;
	objects = {

/* Begin PBXBuildFile section */
		394BC3A12A19E3860020B18B /* PreForgetApp.swift in Sources */ = {isa = PBXBuildFile; fileRef = 394BC3A02A19E3860020B18B /* PreForgetApp.swift */; };
		394BC3A82A19E3880020B18B /* Preview Assets.xcassets in Resources */ = {isa = PBXBuildFile; fileRef = 394BC3A72A19E3880020B18B /* Preview Assets.xcassets */; };
		394BC3DE2A19E4860020B18B /* EditTaskViewModel.swift in Sources */ = {isa = PBXBuildFile; fileRef = 394BC3D72A19E4860020B18B /* EditTaskViewModel.swift */; };
		394BC3DF2A19E4860020B18B /* TaskProvider.swift in Sources */ = {isa = PBXBuildFile; fileRef = 394BC3D82A19E4860020B18B /* TaskProvider.swift */; };
		394BC3E02A19E4860020B18B /* TaskModel.xcdatamodeld in Sources */ = {isa = PBXBuildFile; fileRef = 394BC3D92A19E4860020B18B /* TaskModel.xcdatamodeld */; };
		394BC3E12A19E4860020B18B /* Task.swift in Sources */ = {isa = PBXBuildFile; fileRef = 394BC3DB2A19E4860020B18B /* Task.swift */; };
		394BC3E82A19E4BC0020B18B /* StatusBarController.swift in Sources */ = {isa = PBXBuildFile; fileRef = 394BC3E52A19E4BC0020B18B /* StatusBarController.swift */; };
		394BC3E92A19E4BC0020B18B /* EventMonitor.swift in Sources */ = {isa = PBXBuildFile; fileRef = 394BC3E62A19E4BC0020B18B /* EventMonitor.swift */; };
		394BC3EA2A19E4BC0020B18B /* AppDelegate.swift in Sources */ = {isa = PBXBuildFile; fileRef = 394BC3E72A19E4BC0020B18B /* AppDelegate.swift */; };
		394BC3EE2A19E4CE0020B18B /* NotificationListView.swift in Sources */ = {isa = PBXBuildFile; fileRef = 394BC3EC2A19E4CE0020B18B /* NotificationListView.swift */; };
		394BC3EF2A19E4CE0020B18B /* NotificationManager.swift in Sources */ = {isa = PBXBuildFile; fileRef = 394BC3ED2A19E4CE0020B18B /* NotificationManager.swift */; };
		394BC3F82A19E4E00020B18B /* PopoverViews.swift in Sources */ = {isa = PBXBuildFile; fileRef = 394BC3F12A19E4E00020B18B /* PopoverViews.swift */; };
		394BC3F92A19E4E00020B18B /* About.swift in Sources */ = {isa = PBXBuildFile; fileRef = 394BC3F22A19E4E00020B18B /* About.swift */; };
		394BC3FA2A19E4E00020B18B /* Home.swift in Sources */ = {isa = PBXBuildFile; fileRef = 394BC3F32A19E4E00020B18B /* Home.swift */; };
		394BC3FB2A19E4E00020B18B /* TaskDetails.swift in Sources */ = {isa = PBXBuildFile; fileRef = 394BC3F42A19E4E00020B18B /* TaskDetails.swift */; };
		394BC3FC2A19E4E00020B18B /* Settings.swift in Sources */ = {isa = PBXBuildFile; fileRef = 394BC3F52A19E4E00020B18B /* Settings.swift */; };
		394BC3FD2A19E4E00020B18B /* TaskRowDisplay.swift in Sources */ = {isa = PBXBuildFile; fileRef = 394BC3F62A19E4E00020B18B /* TaskRowDisplay.swift */; };
		394BC3FE2A19E4E00020B18B /* AddNewTask.swift in Sources */ = {isa = PBXBuildFile; fileRef = 394BC3F72A19E4E00020B18B /* AddNewTask.swift */; };
		3973575C2BFBCB9600DA180C /* HistoryDisplay.swift in Sources */ = {isa = PBXBuildFile; fileRef = 3973575B2BFBCB9600DA180C /* HistoryDisplay.swift */; };
		3973575F2BFBCFA000DA180C /* CompletedTaskProvider.swift in Sources */ = {isa = PBXBuildFile; fileRef = 3973575E2BFBCFA000DA180C /* CompletedTaskProvider.swift */; };
		397357632BFBCFD900DA180C /* CompletedTaskEntity.swift in Sources */ = {isa = PBXBuildFile; fileRef = 397357622BFBCFD900DA180C /* CompletedTaskEntity.swift */; };
		397357682BFC349A00DA180C /* CompletedTaskDetails.swift in Sources */ = {isa = PBXBuildFile; fileRef = 397357672BFC349A00DA180C /* CompletedTaskDetails.swift */; };
		398FE0C32A2051940005596A /* notifSound.wav in Resources */ = {isa = PBXBuildFile; fileRef = 39AAF9942A202C96004441F3 /* notifSound.wav */; };
		39E8E5972A2094E0004AF229 /* Assets.xcassets in Resources */ = {isa = PBXBuildFile; fileRef = 39E8E5962A2094E0004AF229 /* Assets.xcassets */; };
		39E8E59A2A20A267004AF229 /* NVMColor in Frameworks */ = {isa = PBXBuildFile; productRef = 39E8E5992A20A267004AF229 /* NVMColor */; };
		39E8E59C2A20A26A004AF229 /* LaunchAtLogin in Frameworks */ = {isa = PBXBuildFile; productRef = 39E8E59B2A20A26A004AF229 /* LaunchAtLogin */; };
/* End PBXBuildFile section */

/* Begin PBXFileReference section */
		394BC39D2A19E3860020B18B /* PreForget.app */ = {isa = PBXFileReference; explicitFileType = wrapper.application; includeInIndex = 0; path = PreForget.app; sourceTree = BUILT_PRODUCTS_DIR; };
		394BC3A02A19E3860020B18B /* PreForgetApp.swift */ = {isa = PBXFileReference; lastKnownFileType = sourcecode.swift; path = PreForgetApp.swift; sourceTree = "<group>"; };
		394BC3A72A19E3880020B18B /* Preview Assets.xcassets */ = {isa = PBXFileReference; lastKnownFileType = folder.assetcatalog; path = "Preview Assets.xcassets"; sourceTree = "<group>"; };
		394BC3AE2A19E3880020B18B /* PreForget.entitlements */ = {isa = PBXFileReference; lastKnownFileType = text.plist.entitlements; path = PreForget.entitlements; sourceTree = "<group>"; };
		394BC3D72A19E4860020B18B /* EditTaskViewModel.swift */ = {isa = PBXFileReference; fileEncoding = 4; lastKnownFileType = sourcecode.swift; path = EditTaskViewModel.swift; sourceTree = "<group>"; };
		394BC3D82A19E4860020B18B /* TaskProvider.swift */ = {isa = PBXFileReference; fileEncoding = 4; lastKnownFileType = sourcecode.swift; path = TaskProvider.swift; sourceTree = "<group>"; };
		394BC3DA2A19E4860020B18B /* TaskModel.xcdatamodel */ = {isa = PBXFileReference; lastKnownFileType = wrapper.xcdatamodel; path = TaskModel.xcdatamodel; sourceTree = "<group>"; };
		394BC3DB2A19E4860020B18B /* Task.swift */ = {isa = PBXFileReference; fileEncoding = 4; lastKnownFileType = sourcecode.swift; path = Task.swift; sourceTree = "<group>"; };
		394BC3E52A19E4BC0020B18B /* StatusBarController.swift */ = {isa = PBXFileReference; fileEncoding = 4; lastKnownFileType = sourcecode.swift; path = StatusBarController.swift; sourceTree = "<group>"; };
		394BC3E62A19E4BC0020B18B /* EventMonitor.swift */ = {isa = PBXFileReference; fileEncoding = 4; lastKnownFileType = sourcecode.swift; path = EventMonitor.swift; sourceTree = "<group>"; };
		394BC3E72A19E4BC0020B18B /* AppDelegate.swift */ = {isa = PBXFileReference; fileEncoding = 4; lastKnownFileType = sourcecode.swift; path = AppDelegate.swift; sourceTree = "<group>"; };
		394BC3EC2A19E4CE0020B18B /* NotificationListView.swift */ = {isa = PBXFileReference; fileEncoding = 4; lastKnownFileType = sourcecode.swift; path = NotificationListView.swift; sourceTree = "<group>"; };
		394BC3ED2A19E4CE0020B18B /* NotificationManager.swift */ = {isa = PBXFileReference; fileEncoding = 4; lastKnownFileType = sourcecode.swift; path = NotificationManager.swift; sourceTree = "<group>"; };
		394BC3F12A19E4E00020B18B /* PopoverViews.swift */ = {isa = PBXFileReference; fileEncoding = 4; lastKnownFileType = sourcecode.swift; path = PopoverViews.swift; sourceTree = "<group>"; };
		394BC3F22A19E4E00020B18B /* About.swift */ = {isa = PBXFileReference; fileEncoding = 4; lastKnownFileType = sourcecode.swift; path = About.swift; sourceTree = "<group>"; };
		394BC3F32A19E4E00020B18B /* Home.swift */ = {isa = PBXFileReference; fileEncoding = 4; lastKnownFileType = sourcecode.swift; path = Home.swift; sourceTree = "<group>"; };
		394BC3F42A19E4E00020B18B /* TaskDetails.swift */ = {isa = PBXFileReference; fileEncoding = 4; lastKnownFileType = sourcecode.swift; path = TaskDetails.swift; sourceTree = "<group>"; };
		394BC3F52A19E4E00020B18B /* Settings.swift */ = {isa = PBXFileReference; fileEncoding = 4; lastKnownFileType = sourcecode.swift; path = Settings.swift; sourceTree = "<group>"; };
		394BC3F62A19E4E00020B18B /* TaskRowDisplay.swift */ = {isa = PBXFileReference; fileEncoding = 4; lastKnownFileType = sourcecode.swift; path = TaskRowDisplay.swift; sourceTree = "<group>"; };
		394BC3F72A19E4E00020B18B /* AddNewTask.swift */ = {isa = PBXFileReference; fileEncoding = 4; lastKnownFileType = sourcecode.swift; path = AddNewTask.swift; sourceTree = "<group>"; };
		3973575B2BFBCB9600DA180C /* HistoryDisplay.swift */ = {isa = PBXFileReference; lastKnownFileType = sourcecode.swift; path = HistoryDisplay.swift; sourceTree = "<group>"; };
		3973575E2BFBCFA000DA180C /* CompletedTaskProvider.swift */ = {isa = PBXFileReference; fileEncoding = 4; lastKnownFileType = sourcecode.swift; path = CompletedTaskProvider.swift; sourceTree = "<group>"; };
		397357622BFBCFD900DA180C /* CompletedTaskEntity.swift */ = {isa = PBXFileReference; fileEncoding = 4; lastKnownFileType = sourcecode.swift; name = CompletedTaskEntity.swift; path = "PreForget/Core Data/Task/CompletedTaskEntity.swift"; sourceTree = SOURCE_ROOT; };
		397357672BFC349A00DA180C /* CompletedTaskDetails.swift */ = {isa = PBXFileReference; lastKnownFileType = sourcecode.swift; path = CompletedTaskDetails.swift; sourceTree = "<group>"; };
		399164C22A2049C00069BCB8 /* Info.plist */ = {isa = PBXFileReference; lastKnownFileType = text.plist; path = Info.plist; sourceTree = "<group>"; };
		39AAF9942A202C96004441F3 /* notifSound.wav */ = {isa = PBXFileReference; lastKnownFileType = audio.wav; path = notifSound.wav; sourceTree = "<group>"; };
		39E8E5962A2094E0004AF229 /* Assets.xcassets */ = {isa = PBXFileReference; lastKnownFileType = folder.assetcatalog; path = Assets.xcassets; sourceTree = "<group>"; };
/* End PBXFileReference section */

/* Begin PBXFrameworksBuildPhase section */
		394BC39A2A19E3860020B18B /* Frameworks */ = {
			isa = PBXFrameworksBuildPhase;
			buildActionMask = 2147483647;
			files = (
				39E8E59C2A20A26A004AF229 /* LaunchAtLogin in Frameworks */,
				39E8E59A2A20A267004AF229 /* NVMColor in Frameworks */,
			);
			runOnlyForDeploymentPostprocessing = 0;
		};
/* End PBXFrameworksBuildPhase section */

/* Begin PBXGroup section */
		394BC3942A19E3860020B18B = {
			isa = PBXGroup;
			children = (
				394BC39F2A19E3860020B18B /* PreForget */,
				394BC39E2A19E3860020B18B /* Products */,
			);
			sourceTree = "<group>";
		};
		394BC39E2A19E3860020B18B /* Products */ = {
			isa = PBXGroup;
			children = (
				394BC39D2A19E3860020B18B /* PreForget.app */,
			);
			name = Products;
			sourceTree = "<group>";
		};
		394BC39F2A19E3860020B18B /* PreForget */ = {
			isa = PBXGroup;
			children = (
				394BC3A02A19E3860020B18B /* PreForgetApp.swift */,
				394BC3F32A19E4E00020B18B /* Home.swift */,
				394BC3F52A19E4E00020B18B /* Settings.swift */,
				394BC3F22A19E4E00020B18B /* About.swift */,
				3973575B2BFBCB9600DA180C /* HistoryDisplay.swift */,
				397357642BFC318A00DA180C /* Components */,
				394BC3EB2A19E4CE0020B18B /* Notifications */,
				394BC3D02A19E4860020B18B /* Core Data */,
				394BC3E42A19E4BC0020B18B /* MenuBarController */,
				399164C22A2049C00069BCB8 /* Info.plist */,
				39AAF9942A202C96004441F3 /* notifSound.wav */,
				39E8E5962A2094E0004AF229 /* Assets.xcassets */,
				394BC3AE2A19E3880020B18B /* PreForget.entitlements */,
				394BC3A62A19E3880020B18B /* Preview Content */,
			);
			path = PreForget;
			sourceTree = "<group>";
		};
		394BC3A62A19E3880020B18B /* Preview Content */ = {
			isa = PBXGroup;
			children = (
				394BC3A72A19E3880020B18B /* Preview Assets.xcassets */,
			);
			path = "Preview Content";
			sourceTree = "<group>";
		};
		394BC3D02A19E4860020B18B /* Core Data */ = {
			isa = PBXGroup;
			children = (
				394BC3D92A19E4860020B18B /* TaskModel.xcdatamodeld */,
				3973575D2BFBCF7500DA180C /* CompletedTask */,
				394BC3D62A19E4860020B18B /* Task */,
			);
			path = "Core Data";
			sourceTree = "<group>";
		};
		394BC3D62A19E4860020B18B /* Task */ = {
			isa = PBXGroup;
			children = (
				394BC3D72A19E4860020B18B /* EditTaskViewModel.swift */,
				394BC3D82A19E4860020B18B /* TaskProvider.swift */,
				394BC3DB2A19E4860020B18B /* Task.swift */,
			);
			path = Task;
			sourceTree = "<group>";
		};
		394BC3E42A19E4BC0020B18B /* MenuBarController */ = {
			isa = PBXGroup;
			children = (
				394BC3E72A19E4BC0020B18B /* AppDelegate.swift */,
				394BC3E52A19E4BC0020B18B /* StatusBarController.swift */,
				394BC3E62A19E4BC0020B18B /* EventMonitor.swift */,
			);
			path = MenuBarController;
			sourceTree = "<group>";
		};
		394BC3EB2A19E4CE0020B18B /* Notifications */ = {
			isa = PBXGroup;
			children = (
				394BC3EC2A19E4CE0020B18B /* NotificationListView.swift */,
				394BC3ED2A19E4CE0020B18B /* NotificationManager.swift */,
			);
			path = Notifications;
			sourceTree = "<group>";
		};
		3973575D2BFBCF7500DA180C /* CompletedTask */ = {
			isa = PBXGroup;
			children = (
				397357622BFBCFD900DA180C /* CompletedTaskEntity.swift */,
				3973575E2BFBCFA000DA180C /* CompletedTaskProvider.swift */,
			);
			path = CompletedTask;
			sourceTree = "<group>";
		};
		397357642BFC318A00DA180C /* Components */ = {
			isa = PBXGroup;
			children = (
				394BC3F72A19E4E00020B18B /* AddNewTask.swift */,
				394BC3F62A19E4E00020B18B /* TaskRowDisplay.swift */,
				394BC3F42A19E4E00020B18B /* TaskDetails.swift */,
				394BC3F12A19E4E00020B18B /* PopoverViews.swift */,
				397357672BFC349A00DA180C /* CompletedTaskDetails.swift */,
			);
			name = Components;
			sourceTree = "<group>";
		};
/* End PBXGroup section */

/* Begin PBXNativeTarget section */
		394BC39C2A19E3860020B18B /* PreForget */ = {
			isa = PBXNativeTarget;
			buildConfigurationList = 394BC3C72A19E3890020B18B /* Build configuration list for PBXNativeTarget "PreForget" */;
			buildPhases = (
				394BC3992A19E3860020B18B /* Sources */,
				394BC39A2A19E3860020B18B /* Frameworks */,
				394BC39B2A19E3860020B18B /* Resources */,
			);
			buildRules = (
			);
			dependencies = (
			);
			name = PreForget;
			packageProductDependencies = (
				39E8E5992A20A267004AF229 /* NVMColor */,
				39E8E59B2A20A26A004AF229 /* LaunchAtLogin */,
			);
			productName = PreForget;
			productReference = 394BC39D2A19E3860020B18B /* PreForget.app */;
			productType = "com.apple.product-type.application";
		};
/* End PBXNativeTarget section */

/* Begin PBXProject section */
		394BC3952A19E3860020B18B /* Project object */ = {
			isa = PBXProject;
			attributes = {
				BuildIndependentTargetsInParallel = 1;
				LastSwiftUpdateCheck = 1430;
				LastUpgradeCheck = 1430;
				TargetAttributes = {
					394BC39C2A19E3860020B18B = {
						CreatedOnToolsVersion = 14.3;
					};
				};
			};
			buildConfigurationList = 394BC3982A19E3860020B18B /* Build configuration list for PBXProject "PreForget" */;
			compatibilityVersion = "Xcode 14.0";
			developmentRegion = en;
			hasScannedForEncodings = 0;
			knownRegions = (
				en,
				Base,
			);
			mainGroup = 394BC3942A19E3860020B18B;
			packageReferences = (
				394BC3FF2A19E9AA0020B18B /* XCRemoteSwiftPackageReference "NVMColor_swift" */,
				394BC4022A19E9BA0020B18B /* XCRemoteSwiftPackageReference "LaunchAtLogin-Modern" */,
			);
			productRefGroup = 394BC39E2A19E3860020B18B /* Products */;
			projectDirPath = "";
			projectRoot = "";
			targets = (
				394BC39C2A19E3860020B18B /* PreForget */,
			);
		};
/* End PBXProject section */

/* Begin PBXResourcesBuildPhase section */
		394BC39B2A19E3860020B18B /* Resources */ = {
			isa = PBXResourcesBuildPhase;
			buildActionMask = 2147483647;
			files = (
				398FE0C32A2051940005596A /* notifSound.wav in Resources */,
				39E8E5972A2094E0004AF229 /* Assets.xcassets in Resources */,
				394BC3A82A19E3880020B18B /* Preview Assets.xcassets in Resources */,
			);
			runOnlyForDeploymentPostprocessing = 0;
		};
/* End PBXResourcesBuildPhase section */

/* Begin PBXSourcesBuildPhase section */
		394BC3992A19E3860020B18B /* Sources */ = {
			isa = PBXSourcesBuildPhase;
			buildActionMask = 2147483647;
			files = (
				3973575C2BFBCB9600DA180C /* HistoryDisplay.swift in Sources */,
				394BC3DF2A19E4860020B18B /* TaskProvider.swift in Sources */,
				394BC3EE2A19E4CE0020B18B /* NotificationListView.swift in Sources */,
				394BC3FD2A19E4E00020B18B /* TaskRowDisplay.swift in Sources */,
				394BC3E82A19E4BC0020B18B /* StatusBarController.swift in Sources */,
				394BC3FC2A19E4E00020B18B /* Settings.swift in Sources */,
				394BC3FE2A19E4E00020B18B /* AddNewTask.swift in Sources */,
				394BC3A12A19E3860020B18B /* PreForgetApp.swift in Sources */,
				394BC3E02A19E4860020B18B /* TaskModel.xcdatamodeld in Sources */,
				397357632BFBCFD900DA180C /* CompletedTaskEntity.swift in Sources */,
				3973575F2BFBCFA000DA180C /* CompletedTaskProvider.swift in Sources */,
				394BC3FB2A19E4E00020B18B /* TaskDetails.swift in Sources */,
				394BC3F82A19E4E00020B18B /* PopoverViews.swift in Sources */,
				394BC3FA2A19E4E00020B18B /* Home.swift in Sources */,
				394BC3EF2A19E4CE0020B18B /* NotificationManager.swift in Sources */,
				394BC3F92A19E4E00020B18B /* About.swift in Sources */,
				394BC3E92A19E4BC0020B18B /* EventMonitor.swift in Sources */,
				394BC3E12A19E4860020B18B /* Task.swift in Sources */,
				397357682BFC349A00DA180C /* CompletedTaskDetails.swift in Sources */,
				394BC3EA2A19E4BC0020B18B /* AppDelegate.swift in Sources */,
				394BC3DE2A19E4860020B18B /* EditTaskViewModel.swift in Sources */,
			);
			runOnlyForDeploymentPostprocessing = 0;
		};
/* End PBXSourcesBuildPhase section */

/* Begin XCBuildConfiguration section */
		394BC3C52A19E3890020B18B /* Debug */ = {
			isa = XCBuildConfiguration;
			buildSettings = {
				ALWAYS_SEARCH_USER_PATHS = NO;
				CLANG_ANALYZER_NONNULL = YES;
				CLANG_ANALYZER_NUMBER_OBJECT_CONVERSION = YES_AGGRESSIVE;
				CLANG_CXX_LANGUAGE_STANDARD = "gnu++20";
				CLANG_ENABLE_MODULES = YES;
				CLANG_ENABLE_OBJC_ARC = YES;
				CLANG_ENABLE_OBJC_WEAK = YES;
				CLANG_WARN_BLOCK_CAPTURE_AUTORELEASING = YES;
				CLANG_WARN_BOOL_CONVERSION = YES;
				CLANG_WARN_COMMA = YES;
				CLANG_WARN_CONSTANT_CONVERSION = YES;
				CLANG_WARN_DEPRECATED_OBJC_IMPLEMENTATIONS = YES;
				CLANG_WARN_DIRECT_OBJC_ISA_USAGE = YES_ERROR;
				CLANG_WARN_DOCUMENTATION_COMMENTS = YES;
				CLANG_WARN_EMPTY_BODY = YES;
				CLANG_WARN_ENUM_CONVERSION = YES;
				CLANG_WARN_INFINITE_RECURSION = YES;
				CLANG_WARN_INT_CONVERSION = YES;
				CLANG_WARN_NON_LITERAL_NULL_CONVERSION = YES;
				CLANG_WARN_OBJC_IMPLICIT_RETAIN_SELF = YES;
				CLANG_WARN_OBJC_LITERAL_CONVERSION = YES;
				CLANG_WARN_OBJC_ROOT_CLASS = YES_ERROR;
				CLANG_WARN_QUOTED_INCLUDE_IN_FRAMEWORK_HEADER = YES;
				CLANG_WARN_RANGE_LOOP_ANALYSIS = YES;
				CLANG_WARN_STRICT_PROTOTYPES = YES;
				CLANG_WARN_SUSPICIOUS_MOVE = YES;
				CLANG_WARN_UNGUARDED_AVAILABILITY = YES_AGGRESSIVE;
				CLANG_WARN_UNREACHABLE_CODE = YES;
				CLANG_WARN__DUPLICATE_METHOD_MATCH = YES;
				COPY_PHASE_STRIP = NO;
				DEBUG_INFORMATION_FORMAT = dwarf;
				EMBED_ASSET_PACKS_IN_PRODUCT_BUNDLE = YES;
				ENABLE_STRICT_OBJC_MSGSEND = YES;
				ENABLE_TESTABILITY = YES;
				GCC_C_LANGUAGE_STANDARD = gnu11;
				GCC_DYNAMIC_NO_PIC = NO;
				GCC_NO_COMMON_BLOCKS = YES;
				GCC_OPTIMIZATION_LEVEL = 0;
				GCC_PREPROCESSOR_DEFINITIONS = (
					"DEBUG=1",
					"$(inherited)",
				);
				GCC_WARN_64_TO_32_BIT_CONVERSION = YES;
				GCC_WARN_ABOUT_RETURN_TYPE = YES_ERROR;
				GCC_WARN_UNDECLARED_SELECTOR = YES;
				GCC_WARN_UNINITIALIZED_AUTOS = YES_AGGRESSIVE;
				GCC_WARN_UNUSED_FUNCTION = YES;
				GCC_WARN_UNUSED_VARIABLE = YES;
				INFOPLIST_KEY_LSUIElement = YES;
				MACOSX_DEPLOYMENT_TARGET = 13.3;
				MTL_ENABLE_DEBUG_INFO = INCLUDE_SOURCE;
				MTL_FAST_MATH = YES;
				ONLY_ACTIVE_ARCH = YES;
				SDKROOT = macosx;
				SWIFT_ACTIVE_COMPILATION_CONDITIONS = DEBUG;
				SWIFT_OPTIMIZATION_LEVEL = "-Onone";
			};
			name = Debug;
		};
		394BC3C62A19E3890020B18B /* Release */ = {
			isa = XCBuildConfiguration;
			buildSettings = {
				ALWAYS_SEARCH_USER_PATHS = NO;
				CLANG_ANALYZER_NONNULL = YES;
				CLANG_ANALYZER_NUMBER_OBJECT_CONVERSION = YES_AGGRESSIVE;
				CLANG_CXX_LANGUAGE_STANDARD = "gnu++20";
				CLANG_ENABLE_MODULES = YES;
				CLANG_ENABLE_OBJC_ARC = YES;
				CLANG_ENABLE_OBJC_WEAK = YES;
				CLANG_WARN_BLOCK_CAPTURE_AUTORELEASING = YES;
				CLANG_WARN_BOOL_CONVERSION = YES;
				CLANG_WARN_COMMA = YES;
				CLANG_WARN_CONSTANT_CONVERSION = YES;
				CLANG_WARN_DEPRECATED_OBJC_IMPLEMENTATIONS = YES;
				CLANG_WARN_DIRECT_OBJC_ISA_USAGE = YES_ERROR;
				CLANG_WARN_DOCUMENTATION_COMMENTS = YES;
				CLANG_WARN_EMPTY_BODY = YES;
				CLANG_WARN_ENUM_CONVERSION = YES;
				CLANG_WARN_INFINITE_RECURSION = YES;
				CLANG_WARN_INT_CONVERSION = YES;
				CLANG_WARN_NON_LITERAL_NULL_CONVERSION = YES;
				CLANG_WARN_OBJC_IMPLICIT_RETAIN_SELF = YES;
				CLANG_WARN_OBJC_LITERAL_CONVERSION = YES;
				CLANG_WARN_OBJC_ROOT_CLASS = YES_ERROR;
				CLANG_WARN_QUOTED_INCLUDE_IN_FRAMEWORK_HEADER = YES;
				CLANG_WARN_RANGE_LOOP_ANALYSIS = YES;
				CLANG_WARN_STRICT_PROTOTYPES = YES;
				CLANG_WARN_SUSPICIOUS_MOVE = YES;
				CLANG_WARN_UNGUARDED_AVAILABILITY = YES_AGGRESSIVE;
				CLANG_WARN_UNREACHABLE_CODE = YES;
				CLANG_WARN__DUPLICATE_METHOD_MATCH = YES;
				COPY_PHASE_STRIP = NO;
				DEBUG_INFORMATION_FORMAT = "dwarf-with-dsym";
				EMBED_ASSET_PACKS_IN_PRODUCT_BUNDLE = YES;
				ENABLE_NS_ASSERTIONS = NO;
				ENABLE_STRICT_OBJC_MSGSEND = YES;
				GCC_C_LANGUAGE_STANDARD = gnu11;
				GCC_NO_COMMON_BLOCKS = YES;
				GCC_WARN_64_TO_32_BIT_CONVERSION = YES;
				GCC_WARN_ABOUT_RETURN_TYPE = YES_ERROR;
				GCC_WARN_UNDECLARED_SELECTOR = YES;
				GCC_WARN_UNINITIALIZED_AUTOS = YES_AGGRESSIVE;
				GCC_WARN_UNUSED_FUNCTION = YES;
				GCC_WARN_UNUSED_VARIABLE = YES;
				INFOPLIST_KEY_LSUIElement = YES;
				MACOSX_DEPLOYMENT_TARGET = 13.3;
				MTL_ENABLE_DEBUG_INFO = NO;
				MTL_FAST_MATH = YES;
				SDKROOT = macosx;
				SWIFT_COMPILATION_MODE = wholemodule;
				SWIFT_OPTIMIZATION_LEVEL = "-O";
			};
			name = Release;
		};
		394BC3C82A19E3890020B18B /* Debug */ = {
			isa = XCBuildConfiguration;
			buildSettings = {
				ASSETCATALOG_COMPILER_APPICON_NAME = AppIcon;
				ASSETCATALOG_COMPILER_GLOBAL_ACCENT_COLOR_NAME = AccentColor;
				CODE_SIGN_ENTITLEMENTS = PreForget/PreForget.entitlements;
				CODE_SIGN_IDENTITY = "Apple Development";
				"CODE_SIGN_IDENTITY[sdk=macosx*]" = "-";
				CODE_SIGN_STYLE = Automatic;
				COMBINE_HIDPI_IMAGES = YES;
				CURRENT_PROJECT_VERSION = 1;
				DEVELOPMENT_ASSET_PATHS = "\"PreForget/Preview Content\"";
				DEVELOPMENT_TEAM = H95PSGHW3N;
				EMBED_ASSET_PACKS_IN_PRODUCT_BUNDLE = NO;
				ENABLE_PREVIEWS = YES;
				GENERATE_INFOPLIST_FILE = YES;
				INFOPLIST_FILE = PreForget/Info.plist;
				INFOPLIST_KEY_CFBundleDisplayName = PreForget;
				INFOPLIST_KEY_LSApplicationCategoryType = "public.app-category.productivity";
				INFOPLIST_KEY_LSUIElement = YES;
				INFOPLIST_KEY_NSHumanReadableCopyright = "";
				INFOPLIST_KEY_WKRunsIndependentlyOfCompanionApp = YES;
				LD_RUNPATH_SEARCH_PATHS = (
					"$(inherited)",
					"@executable_path/../Frameworks",
				);
				MARKETING_VERSION = 1.0;
				PRODUCT_BUNDLE_IDENTIFIER = "info.anson-goo.PreForget";
				PRODUCT_NAME = "$(TARGET_NAME)";
				PROVISIONING_PROFILE_SPECIFIER = "";
				SWIFT_EMIT_LOC_STRINGS = YES;
				SWIFT_VERSION = 5.0;
			};
			name = Debug;
		};
		394BC3C92A19E3890020B18B /* Release */ = {
			isa = XCBuildConfiguration;
			buildSettings = {
				ASSETCATALOG_COMPILER_APPICON_NAME = AppIcon;
				ASSETCATALOG_COMPILER_GLOBAL_ACCENT_COLOR_NAME = AccentColor;
				CODE_SIGN_ENTITLEMENTS = PreForget/PreForget.entitlements;
				CODE_SIGN_IDENTITY = "Apple Development";
				"CODE_SIGN_IDENTITY[sdk=macosx*]" = "-";
				CODE_SIGN_STYLE = Automatic;
				COMBINE_HIDPI_IMAGES = YES;
				CURRENT_PROJECT_VERSION = 1;
				DEVELOPMENT_ASSET_PATHS = "\"PreForget/Preview Content\"";
				DEVELOPMENT_TEAM = H95PSGHW3N;
				EMBED_ASSET_PACKS_IN_PRODUCT_BUNDLE = NO;
				ENABLE_PREVIEWS = YES;
				GENERATE_INFOPLIST_FILE = YES;
				INFOPLIST_FILE = PreForget/Info.plist;
				INFOPLIST_KEY_CFBundleDisplayName = PreForget;
				INFOPLIST_KEY_LSApplicationCategoryType = "public.app-category.productivity";
				INFOPLIST_KEY_LSUIElement = YES;
				INFOPLIST_KEY_NSHumanReadableCopyright = "";
				INFOPLIST_KEY_WKRunsIndependentlyOfCompanionApp = YES;
				LD_RUNPATH_SEARCH_PATHS = (
					"$(inherited)",
					"@executable_path/../Frameworks",
				);
				MARKETING_VERSION = 1.0;
				PRODUCT_BUNDLE_IDENTIFIER = "info.anson-goo.PreForget";
				PRODUCT_NAME = "$(TARGET_NAME)";
				PROVISIONING_PROFILE_SPECIFIER = "";
				SWIFT_EMIT_LOC_STRINGS = YES;
				SWIFT_VERSION = 5.0;
			};
			name = Release;
		};
/* End XCBuildConfiguration section */

/* Begin XCConfigurationList section */
		394BC3982A19E3860020B18B /* Build configuration list for PBXProject "PreForget" */ = {
			isa = XCConfigurationList;
			buildConfigurations = (
				394BC3C52A19E3890020B18B /* Debug */,
				394BC3C62A19E3890020B18B /* Release */,
			);
			defaultConfigurationIsVisible = 0;
			defaultConfigurationName = Release;
		};
		394BC3C72A19E3890020B18B /* Build configuration list for PBXNativeTarget "PreForget" */ = {
			isa = XCConfigurationList;
			buildConfigurations = (
				394BC3C82A19E3890020B18B /* Debug */,
				394BC3C92A19E3890020B18B /* Release */,
			);
			defaultConfigurationIsVisible = 0;
			defaultConfigurationName = Release;
		};
/* End XCConfigurationList section */

/* Begin XCRemoteSwiftPackageReference section */
		394BC3FF2A19E9AA0020B18B /* XCRemoteSwiftPackageReference "NVMColor_swift" */ = {
			isa = XCRemoteSwiftPackageReference;
			repositoryURL = "https://github.com/NVMNovem/NVMColor_swift";
			requirement = {
				kind = upToNextMajorVersion;
				minimumVersion = 1.0.0;
			};
		};
		394BC4022A19E9BA0020B18B /* XCRemoteSwiftPackageReference "LaunchAtLogin-Modern" */ = {
			isa = XCRemoteSwiftPackageReference;
			repositoryURL = "https://github.com/sindresorhus/LaunchAtLogin-Modern";
			requirement = {
				branch = main;
				kind = branch;
			};
		};
/* End XCRemoteSwiftPackageReference section */

/* Begin XCSwiftPackageProductDependency section */
		39E8E5992A20A267004AF229 /* NVMColor */ = {
			isa = XCSwiftPackageProductDependency;
			package = 394BC3FF2A19E9AA0020B18B /* XCRemoteSwiftPackageReference "NVMColor_swift" */;
			productName = NVMColor;
		};
		39E8E59B2A20A26A004AF229 /* LaunchAtLogin */ = {
			isa = XCSwiftPackageProductDependency;
			package = 394BC4022A19E9BA0020B18B /* XCRemoteSwiftPackageReference "LaunchAtLogin-Modern" */;
			productName = LaunchAtLogin;
		};
/* End XCSwiftPackageProductDependency section */

/* Begin XCVersionGroup section */
		394BC3D92A19E4860020B18B /* TaskModel.xcdatamodeld */ = {
			isa = XCVersionGroup;
			children = (
				394BC3DA2A19E4860020B18B /* TaskModel.xcdatamodel */,
			);
			currentVersion = 394BC3DA2A19E4860020B18B /* TaskModel.xcdatamodel */;
			name = TaskModel.xcdatamodeld;
			path = Task/TaskModel.xcdatamodeld;
			sourceTree = "<group>";
			versionGroupType = wrapper.xcdatamodel;
		};
/* End XCVersionGroup section */
	};
	rootObject = 394BC3952A19E3860020B18B /* Project object */;
}
