// !$*UTF8*$!
{
	archiveVersion = 1;
	classes = {
	};
	objectVersion = 56;
	objects = {

/* Begin PBXBuildFile section */
		394BC3A12A19E3860020B18B /* PreForgetApp.swift in Sources */ = {isa = PBXBuildFile; fileRef = 394BC3A02A19E3860020B18B /* PreForgetApp.swift */; };
		394BC3A52A19E3880020B18B /* Assets.xcassets in Resources */ = {isa = PBXBuildFile; fileRef = 394BC3A42A19E3880020B18B /* Assets.xcassets */; };
		394BC3A82A19E3880020B18B /* Preview Assets.xcassets in Resources */ = {isa = PBXBuildFile; fileRef = 394BC3A72A19E3880020B18B /* Preview Assets.xcassets */; };
		394BC3DE2A19E4860020B18B /* EditTaskViewModel.swift in Sources */ = {isa = PBXBuildFile; fileRef = 394BC3D72A19E4860020B18B /* EditTaskViewModel.swift */; };
		394BC3DF2A19E4860020B18B /* TaskProvider.swift in Sources */ = {isa = PBXBuildFile; fileRef = 394BC3D82A19E4860020B18B /* TaskProvider.swift */; };
		394BC3E02A19E4860020B18B /* TaskModel.xcdatamodeld in Sources */ = {isa = PBXBuildFile; fileRef = 394BC3D92A19E4860020B18B /* TaskModel.xcdatamodeld */; };
		394BC3E12A19E4860020B18B /* Task.swift in Sources */ = {isa = PBXBuildFile; fileRef = 394BC3DB2A19E4860020B18B /* Task.swift */; };
		394BC3E32A19E49D0020B18B /* Info.plist in Resources */ = {isa = PBXBuildFile; fileRef = 394BC3E22A19E49D0020B18B /* Info.plist */; };
		394BC3E82A19E4BC0020B18B /* StatusBarController.swift in Sources */ = {isa = PBXBuildFile; fileRef = 394BC3E52A19E4BC0020B18B /* StatusBarController.swift */; };
		394BC3E92A19E4BC0020B18B /* EventMonitor.swift in Sources */ = {isa = PBXBuildFile; fileRef = 394BC3E62A19E4BC0020B18B /* EventMonitor.swift */; };
		394BC3EA2A19E4BC0020B18B /* AppDelegate.swift in Sources */ = {isa = PBXBuildFile; fileRef = 394BC3E72A19E4BC0020B18B /* AppDelegate.swift */; };
		394BC3EE2A19E4CE0020B18B /* NotificationListView.swift in Sources */ = {isa = PBXBuildFile; fileRef = 394BC3EC2A19E4CE0020B18B /* NotificationListView.swift */; };
		394BC3EF2A19E4CE0020B18B /* NotificationManager.swift in Sources */ = {isa = PBXBuildFile; fileRef = 394BC3ED2A19E4CE0020B18B /* NotificationManager.swift */; };
		394BC3F82A19E4E00020B18B /* PopoverViews.swift in Sources */ = {isa = PBXBuildFile; fileRef = 394BC3F12A19E4E00020B18B /* PopoverViews.swift */; };
		394BC3F92A19E4E00020B18B /* About.swift in Sources */ = {isa = PBXBuildFile; fileRef = 394BC3F22A19E4E00020B18B /* About.swift */; };
		394BC3FA2A19E4E00020B18B /* Home.swift in Sources */ = {isa = PBXBuildFile; fileRef = 394BC3F32A19E4E00020B18B /* Home.swift */; };
		394BC3FB2A19E4E00020B18B /* TaskDetails.swift in Sources */ = {isa = PBXBuildFile; fileRef = 394BC3F42A19E4E00020B18B /* TaskDetails.swift */; };
		394BC3FC2A19E4E00020B18B /* Settings.swift in Sources */ = {isa = PBXBuildFile; fileRef = 394BC3F52A19E4E00020B18B /* Settings.swift */; };
		394BC3FD2A19E4E00020B18B /* TaskRowDisplay.swift in Sources */ = {isa = PBXBuildFile; fileRef = 394BC3F62A19E4E00020B18B /* TaskRowDisplay.swift */; };
		394BC3FE2A19E4E00020B18B /* AddNewTask.swift in Sources */ = {isa = PBXBuildFile; fileRef = 394BC3F72A19E4E00020B18B /* AddNewTask.swift */; };
		394BC4012A19E9AA0020B18B /* NVMColor in Frameworks */ = {isa = PBXBuildFile; productRef = 394BC4002A19E9AA0020B18B /* NVMColor */; };
		394BC4042A19E9BA0020B18B /* LaunchAtLogin in Frameworks */ = {isa = PBXBuildFile; productRef = 394BC4032A19E9BA0020B18B /* LaunchAtLogin */; };
		394BC4062A1B25D60020B18B /* notifSound.wav in Resources */ = {isa = PBXBuildFile; fileRef = 394BC4052A1B25D60020B18B /* notifSound.wav */; };
/* End PBXBuildFile section */

/* Begin PBXContainerItemProxy section */
		394BC3B42A19E3890020B18B /* PBXContainerItemProxy */ = {
			isa = PBXContainerItemProxy;
			containerPortal = 394BC3952A19E3860020B18B /* Project object */;
			proxyType = 1;
			remoteGlobalIDString = 394BC39C2A19E3860020B18B;
			remoteInfo = PreForget;
		};
		394BC3BE2A19E3890020B18B /* PBXContainerItemProxy */ = {
			isa = PBXContainerItemProxy;
			containerPortal = 394BC3952A19E3860020B18B /* Project object */;
			proxyType = 1;
			remoteGlobalIDString = 394BC39C2A19E3860020B18B;
			remoteInfo = PreForget;
		};
/* End PBXContainerItemProxy section */

/* Begin PBXFileReference section */
		394BC39D2A19E3860020B18B /* PreForget.app */ = {isa = PBXFileReference; explicitFileType = wrapper.application; includeInIndex = 0; path = PreForget.app; sourceTree = BUILT_PRODUCTS_DIR; };
		394BC3A02A19E3860020B18B /* PreForgetApp.swift */ = {isa = PBXFileReference; lastKnownFileType = sourcecode.swift; path = PreForgetApp.swift; sourceTree = "<group>"; };
		394BC3A42A19E3880020B18B /* Assets.xcassets */ = {isa = PBXFileReference; lastKnownFileType = folder.assetcatalog; path = Assets.xcassets; sourceTree = "<group>"; };
		394BC3A72A19E3880020B18B /* Preview Assets.xcassets */ = {isa = PBXFileReference; lastKnownFileType = folder.assetcatalog; path = "Preview Assets.xcassets"; sourceTree = "<group>"; };
		394BC3AE2A19E3880020B18B /* PreForget.entitlements */ = {isa = PBXFileReference; lastKnownFileType = text.plist.entitlements; path = PreForget.entitlements; sourceTree = "<group>"; };
		394BC3B32A19E3890020B18B /* PreForgetTests.xctest */ = {isa = PBXFileReference; explicitFileType = wrapper.cfbundle; includeInIndex = 0; path = PreForgetTests.xctest; sourceTree = BUILT_PRODUCTS_DIR; };
		394BC3BD2A19E3890020B18B /* PreForgetUITests.xctest */ = {isa = PBXFileReference; explicitFileType = wrapper.cfbundle; includeInIndex = 0; path = PreForgetUITests.xctest; sourceTree = BUILT_PRODUCTS_DIR; };
		394BC3D72A19E4860020B18B /* EditTaskViewModel.swift */ = {isa = PBXFileReference; fileEncoding = 4; lastKnownFileType = sourcecode.swift; path = EditTaskViewModel.swift; sourceTree = "<group>"; };
		394BC3D82A19E4860020B18B /* TaskProvider.swift */ = {isa = PBXFileReference; fileEncoding = 4; lastKnownFileType = sourcecode.swift; path = TaskProvider.swift; sourceTree = "<group>"; };
		394BC3DA2A19E4860020B18B /* TaskModel.xcdatamodel */ = {isa = PBXFileReference; lastKnownFileType = wrapper.xcdatamodel; path = TaskModel.xcdatamodel; sourceTree = "<group>"; };
		394BC3DB2A19E4860020B18B /* Task.swift */ = {isa = PBXFileReference; fileEncoding = 4; lastKnownFileType = sourcecode.swift; path = Task.swift; sourceTree = "<group>"; };
		394BC3E22A19E49D0020B18B /* Info.plist */ = {isa = PBXFileReference; fileEncoding = 4; lastKnownFileType = text.plist.xml; path = Info.plist; sourceTree = "<group>"; };
		394BC3E52A19E4BC0020B18B /* StatusBarController.swift */ = {isa = PBXFileReference; fileEncoding = 4; lastKnownFileType = sourcecode.swift; path = StatusBarController.swift; sourceTree = "<group>"; };
		394BC3E62A19E4BC0020B18B /* EventMonitor.swift */ = {isa = PBXFileReference; fileEncoding = 4; lastKnownFileType = sourcecode.swift; path = EventMonitor.swift; sourceTree = "<group>"; };
		394BC3E72A19E4BC0020B18B /* AppDelegate.swift */ = {isa = PBXFileReference; fileEncoding = 4; lastKnownFileType = sourcecode.swift; path = AppDelegate.swift; sourceTree = "<group>"; };
		394BC3EC2A19E4CE0020B18B /* NotificationListView.swift */ = {isa = PBXFileReference; fileEncoding = 4; lastKnownFileType = sourcecode.swift; path = NotificationListView.swift; sourceTree = "<group>"; };
		394BC3ED2A19E4CE0020B18B /* NotificationManager.swift */ = {isa = PBXFileReference; fileEncoding = 4; lastKnownFileType = sourcecode.swift; path = NotificationManager.swift; sourceTree = "<group>"; };
		394BC3F12A19E4E00020B18B /* PopoverViews.swift */ = {isa = PBXFileReference; fileEncoding = 4; lastKnownFileType = sourcecode.swift; path = PopoverViews.swift; sourceTree = "<group>"; };
		394BC3F22A19E4E00020B18B /* About.swift */ = {isa = PBXFileReference; fileEncoding = 4; lastKnownFileType = sourcecode.swift; path = About.swift; sourceTree = "<group>"; };
		394BC3F32A19E4E00020B18B /* Home.swift */ = {isa = PBXFileReference; fileEncoding = 4; lastKnownFileType = sourcecode.swift; path = Home.swift; sourceTree = "<group>"; };
		394BC3F42A19E4E00020B18B /* TaskDetails.swift */ = {isa = PBXFileReference; fileEncoding = 4; lastKnownFileType = sourcecode.swift; path = TaskDetails.swift; sourceTree = "<group>"; };
		394BC3F52A19E4E00020B18B /* Settings.swift */ = {isa = PBXFileReference; fileEncoding = 4; lastKnownFileType = sourcecode.swift; path = Settings.swift; sourceTree = "<group>"; };
		394BC3F62A19E4E00020B18B /* TaskRowDisplay.swift */ = {isa = PBXFileReference; fileEncoding = 4; lastKnownFileType = sourcecode.swift; path = TaskRowDisplay.swift; sourceTree = "<group>"; };
		394BC3F72A19E4E00020B18B /* AddNewTask.swift */ = {isa = PBXFileReference; fileEncoding = 4; lastKnownFileType = sourcecode.swift; path = AddNewTask.swift; sourceTree = "<group>"; };
		394BC4052A1B25D60020B18B /* notifSound.wav */ = {isa = PBXFileReference; lastKnownFileType = audio.wav; path = notifSound.wav; sourceTree = "<group>"; };
/* End PBXFileReference section */

/* Begin PBXFrameworksBuildPhase section */
		394BC39A2A19E3860020B18B /* Frameworks */ = {
			isa = PBXFrameworksBuildPhase;
			buildActionMask = 2147483647;
			files = (
				394BC4042A19E9BA0020B18B /* LaunchAtLogin in Frameworks */,
				394BC4012A19E9AA0020B18B /* NVMColor in Frameworks */,
			);
			runOnlyForDeploymentPostprocessing = 0;
		};
		394BC3B02A19E3890020B18B /* Frameworks */ = {
			isa = PBXFrameworksBuildPhase;
			buildActionMask = 2147483647;
			files = (
			);
			runOnlyForDeploymentPostprocessing = 0;
		};
		394BC3BA2A19E3890020B18B /* Frameworks */ = {
			isa = PBXFrameworksBuildPhase;
			buildActionMask = 2147483647;
			files = (
			);
			runOnlyForDeploymentPostprocessing = 0;
		};
/* End PBXFrameworksBuildPhase section */

/* Begin PBXGroup section */
		394BC3942A19E3860020B18B = {
			isa = PBXGroup;
			children = (
				394BC39F2A19E3860020B18B /* PreForget */,
				394BC39E2A19E3860020B18B /* Products */,
			);
			sourceTree = "<group>";
		};
		394BC39E2A19E3860020B18B /* Products */ = {
			isa = PBXGroup;
			children = (
				394BC39D2A19E3860020B18B /* PreForget.app */,
				394BC3B32A19E3890020B18B /* PreForgetTests.xctest */,
				394BC3BD2A19E3890020B18B /* PreForgetUITests.xctest */,
			);
			name = Products;
			sourceTree = "<group>";
		};
		394BC39F2A19E3860020B18B /* PreForget */ = {
			isa = PBXGroup;
			children = (
				394BC4052A1B25D60020B18B /* notifSound.wav */,
				394BC3A02A19E3860020B18B /* PreForgetApp.swift */,
				394BC3E22A19E49D0020B18B /* Info.plist */,
				394BC3F02A19E4E00020B18B /* UserInterface */,
				394BC3D02A19E4860020B18B /* Core Data */,
				394BC3EB2A19E4CE0020B18B /* Notifications */,
				394BC3E42A19E4BC0020B18B /* MenuBarController */,
				394BC3A42A19E3880020B18B /* Assets.xcassets */,
				394BC3AE2A19E3880020B18B /* PreForget.entitlements */,
				394BC3A62A19E3880020B18B /* Preview Content */,
			);
			path = PreForget;
			sourceTree = "<group>";
		};
		394BC3A62A19E3880020B18B /* Preview Content */ = {
			isa = PBXGroup;
			children = (
				394BC3A72A19E3880020B18B /* Preview Assets.xcassets */,
			);
			path = "Preview Content";
			sourceTree = "<group>";
		};
		394BC3D02A19E4860020B18B /* Core Data */ = {
			isa = PBXGroup;
			children = (
				394BC3D62A19E4860020B18B /* Task */,
			);
			path = "Core Data";
			sourceTree = "<group>";
		};
		394BC3D62A19E4860020B18B /* Task */ = {
			isa = PBXGroup;
			children = (
				394BC3D72A19E4860020B18B /* EditTaskViewModel.swift */,
				394BC3D82A19E4860020B18B /* TaskProvider.swift */,
				394BC3D92A19E4860020B18B /* TaskModel.xcdatamodeld */,
				394BC3DB2A19E4860020B18B /* Task.swift */,
			);
			path = Task;
			sourceTree = "<group>";
		};
		394BC3E42A19E4BC0020B18B /* MenuBarController */ = {
			isa = PBXGroup;
			children = (
				394BC3E52A19E4BC0020B18B /* StatusBarController.swift */,
				394BC3E62A19E4BC0020B18B /* EventMonitor.swift */,
				394BC3E72A19E4BC0020B18B /* AppDelegate.swift */,
			);
			path = MenuBarController;
			sourceTree = "<group>";
		};
		394BC3EB2A19E4CE0020B18B /* Notifications */ = {
			isa = PBXGroup;
			children = (
				394BC3EC2A19E4CE0020B18B /* NotificationListView.swift */,
				394BC3ED2A19E4CE0020B18B /* NotificationManager.swift */,
			);
			path = Notifications;
			sourceTree = "<group>";
		};
		394BC3F02A19E4E00020B18B /* UserInterface */ = {
			isa = PBXGroup;
			children = (
				394BC3F32A19E4E00020B18B /* Home.swift */,
				394BC3F72A19E4E00020B18B /* AddNewTask.swift */,
				394BC3F62A19E4E00020B18B /* TaskRowDisplay.swift */,
				394BC3F42A19E4E00020B18B /* TaskDetails.swift */,
				394BC3F52A19E4E00020B18B /* Settings.swift */,
				394BC3F12A19E4E00020B18B /* PopoverViews.swift */,
				394BC3F22A19E4E00020B18B /* About.swift */,
			);
			path = UserInterface;
			sourceTree = "<group>";
		};
/* End PBXGroup section */

/* Begin PBXNativeTarget section */
		394BC39C2A19E3860020B18B /* PreForget */ = {
			isa = PBXNativeTarget;
			buildConfigurationList = 394BC3C72A19E3890020B18B /* Build configuration list for PBXNativeTarget "PreForget" */;
			buildPhases = (
				394BC3992A19E3860020B18B /* Sources */,
				394BC39A2A19E3860020B18B /* Frameworks */,
				394BC39B2A19E3860020B18B /* Resources */,
			);
			buildRules = (
			);
			dependencies = (
			);
			name = PreForget;
			packageProductDependencies = (
				394BC4002A19E9AA0020B18B /* NVMColor */,
				394BC4032A19E9BA0020B18B /* LaunchAtLogin */,
			);
			productName = PreForget;
			productReference = 394BC39D2A19E3860020B18B /* PreForget.app */;
			productType = "com.apple.product-type.application";
		};
		394BC3B22A19E3890020B18B /* PreForgetTests */ = {
			isa = PBXNativeTarget;
			buildConfigurationList = 394BC3CA2A19E3890020B18B /* Build configuration list for PBXNativeTarget "PreForgetTests" */;
			buildPhases = (
				394BC3AF2A19E3890020B18B /* Sources */,
				394BC3B02A19E3890020B18B /* Frameworks */,
				394BC3B12A19E3890020B18B /* Resources */,
			);
			buildRules = (
			);
			dependencies = (
				394BC3B52A19E3890020B18B /* PBXTargetDependency */,
			);
			name = PreForgetTests;
			productName = PreForgetTests;
			productReference = 394BC3B32A19E3890020B18B /* PreForgetTests.xctest */;
			productType = "com.apple.product-type.bundle.unit-test";
		};
		394BC3BC2A19E3890020B18B /* PreForgetUITests */ = {
			isa = PBXNativeTarget;
			buildConfigurationList = 394BC3CD2A19E3890020B18B /* Build configuration list for PBXNativeTarget "PreForgetUITests" */;
			buildPhases = (
				394BC3B92A19E3890020B18B /* Sources */,
				394BC3BA2A19E3890020B18B /* Frameworks */,
				394BC3BB2A19E3890020B18B /* Resources */,
			);
			buildRules = (
			);
			dependencies = (
				394BC3BF2A19E3890020B18B /* PBXTargetDependency */,
			);
			name = PreForgetUITests;
			productName = PreForgetUITests;
			productReference = 394BC3BD2A19E3890020B18B /* PreForgetUITests.xctest */;
			productType = "com.apple.product-type.bundle.ui-testing";
		};
/* End PBXNativeTarget section */

/* Begin PBXProject section */
		394BC3952A19E3860020B18B /* Project object */ = {
			isa = PBXProject;
			attributes = {
				BuildIndependentTargetsInParallel = 1;
				LastSwiftUpdateCheck = 1430;
				LastUpgradeCheck = 1430;
				TargetAttributes = {
					394BC39C2A19E3860020B18B = {
						CreatedOnToolsVersion = 14.3;
					};
					394BC3B22A19E3890020B18B = {
						CreatedOnToolsVersion = 14.3;
						TestTargetID = 394BC39C2A19E3860020B18B;
					};
					394BC3BC2A19E3890020B18B = {
						CreatedOnToolsVersion = 14.3;
						TestTargetID = 394BC39C2A19E3860020B18B;
					};
				};
			};
			buildConfigurationList = 394BC3982A19E3860020B18B /* Build configuration list for PBXProject "PreForget" */;
			compatibilityVersion = "Xcode 14.0";
			developmentRegion = en;
			hasScannedForEncodings = 0;
			knownRegions = (
				en,
				Base,
			);
			mainGroup = 394BC3942A19E3860020B18B;
			packageReferences = (
				394BC3FF2A19E9AA0020B18B /* XCRemoteSwiftPackageReference "NVMColor_swift" */,
				394BC4022A19E9BA0020B18B /* XCRemoteSwiftPackageReference "LaunchAtLogin-Modern" */,
			);
			productRefGroup = 394BC39E2A19E3860020B18B /* Products */;
			projectDirPath = "";
			projectRoot = "";
			targets = (
				394BC39C2A19E3860020B18B /* PreForget */,
				394BC3B22A19E3890020B18B /* PreForgetTests */,
				394BC3BC2A19E3890020B18B /* PreForgetUITests */,
			);
		};
/* End PBXProject section */

/* Begin PBXResourcesBuildPhase section */
		394BC39B2A19E3860020B18B /* Resources */ = {
			isa = PBXResourcesBuildPhase;
			buildActionMask = 2147483647;
			files = (
				394BC3A82A19E3880020B18B /* Preview Assets.xcassets in Resources */,
				394BC3A52A19E3880020B18B /* Assets.xcassets in Resources */,
				394BC3E32A19E49D0020B18B /* Info.plist in Resources */,
				394BC4062A1B25D60020B18B /* notifSound.wav in Resources */,
			);
			runOnlyForDeploymentPostprocessing = 0;
		};
		394BC3B12A19E3890020B18B /* Resources */ = {
			isa = PBXResourcesBuildPhase;
			buildActionMask = 2147483647;
			files = (
			);
			runOnlyForDeploymentPostprocessing = 0;
		};
		394BC3BB2A19E3890020B18B /* Resources */ = {
			isa = PBXResourcesBuildPhase;
			buildActionMask = 2147483647;
			files = (
			);
			runOnlyForDeploymentPostprocessing = 0;
		};
/* End PBXResourcesBuildPhase section */

/* Begin PBXSourcesBuildPhase section */
		394BC3992A19E3860020B18B /* Sources */ = {
			isa = PBXSourcesBuildPhase;
			buildActionMask = 2147483647;
			files = (
				394BC3DF2A19E4860020B18B /* TaskProvider.swift in Sources */,
				394BC3EE2A19E4CE0020B18B /* NotificationListView.swift in Sources */,
				394BC3FD2A19E4E00020B18B /* TaskRowDisplay.swift in Sources */,
				394BC3E82A19E4BC0020B18B /* StatusBarController.swift in Sources */,
				394BC3FC2A19E4E00020B18B /* Settings.swift in Sources */,
				394BC3FE2A19E4E00020B18B /* AddNewTask.swift in Sources */,
				394BC3A12A19E3860020B18B /* PreForgetApp.swift in Sources */,
				394BC3E02A19E4860020B18B /* TaskModel.xcdatamodeld in Sources */,
				394BC3FB2A19E4E00020B18B /* TaskDetails.swift in Sources */,
				394BC3F82A19E4E00020B18B /* PopoverViews.swift in Sources */,
				394BC3FA2A19E4E00020B18B /* Home.swift in Sources */,
				394BC3EF2A19E4CE0020B18B /* NotificationManager.swift in Sources */,
				394BC3F92A19E4E00020B18B /* About.swift in Sources */,
				394BC3E92A19E4BC0020B18B /* EventMonitor.swift in Sources */,
				394BC3E12A19E4860020B18B /* Task.swift in Sources */,
				394BC3EA2A19E4BC0020B18B /* AppDelegate.swift in Sources */,
				394BC3DE2A19E4860020B18B /* EditTaskViewModel.swift in Sources */,
			);
			runOnlyForDeploymentPostprocessing = 0;
		};
		394BC3AF2A19E3890020B18B /* Sources */ = {
			isa = PBXSourcesBuildPhase;
			buildActionMask = 2147483647;
			files = (
			);
			runOnlyForDeploymentPostprocessing = 0;
		};
		394BC3B92A19E3890020B18B /* Sources */ = {
			isa = PBXSourcesBuildPhase;
			buildActionMask = 2147483647;
			files = (
			);
			runOnlyForDeploymentPostprocessing = 0;
		};
/* End PBXSourcesBuildPhase section */

/* Begin PBXTargetDependency section */
		394BC3B52A19E3890020B18B /* PBXTargetDependency */ = {
			isa = PBXTargetDependency;
			target = 394BC39C2A19E3860020B18B /* PreForget */;
			targetProxy = 394BC3B42A19E3890020B18B /* PBXContainerItemProxy */;
		};
		394BC3BF2A19E3890020B18B /* PBXTargetDependency */ = {
			isa = PBXTargetDependency;
			target = 394BC39C2A19E3860020B18B /* PreForget */;
			targetProxy = 394BC3BE2A19E3890020B18B /* PBXContainerItemProxy */;
		};
/* End PBXTargetDependency section */

/* Begin XCBuildConfiguration section */
		394BC3C52A19E3890020B18B /* Debug */ = {
			isa = XCBuildConfiguration;
			buildSettings = {
				ALWAYS_SEARCH_USER_PATHS = NO;
				CLANG_ANALYZER_NONNULL = YES;
				CLANG_ANALYZER_NUMBER_OBJECT_CONVERSION = YES_AGGRESSIVE;
				CLANG_CXX_LANGUAGE_STANDARD = "gnu++20";
				CLANG_ENABLE_MODULES = YES;
				CLANG_ENABLE_OBJC_ARC = YES;
				CLANG_ENABLE_OBJC_WEAK = YES;
				CLANG_WARN_BLOCK_CAPTURE_AUTORELEASING = YES;
				CLANG_WARN_BOOL_CONVERSION = YES;
				CLANG_WARN_COMMA = YES;
				CLANG_WARN_CONSTANT_CONVERSION = YES;
				CLANG_WARN_DEPRECATED_OBJC_IMPLEMENTATIONS = YES;
				CLANG_WARN_DIRECT_OBJC_ISA_USAGE = YES_ERROR;
				CLANG_WARN_DOCUMENTATION_COMMENTS = YES;
				CLANG_WARN_EMPTY_BODY = YES;
				CLANG_WARN_ENUM_CONVERSION = YES;
				CLANG_WARN_INFINITE_RECURSION = YES;
				CLANG_WARN_INT_CONVERSION = YES;
				CLANG_WARN_NON_LITERAL_NULL_CONVERSION = YES;
				CLANG_WARN_OBJC_IMPLICIT_RETAIN_SELF = YES;
				CLANG_WARN_OBJC_LITERAL_CONVERSION = YES;
				CLANG_WARN_OBJC_ROOT_CLASS = YES_ERROR;
				CLANG_WARN_QUOTED_INCLUDE_IN_FRAMEWORK_HEADER = YES;
				CLANG_WARN_RANGE_LOOP_ANALYSIS = YES;
				CLANG_WARN_STRICT_PROTOTYPES = YES;
				CLANG_WARN_SUSPICIOUS_MOVE = YES;
				CLANG_WARN_UNGUARDED_AVAILABILITY = YES_AGGRESSIVE;
				CLANG_WARN_UNREACHABLE_CODE = YES;
				CLANG_WARN__DUPLICATE_METHOD_MATCH = YES;
				COPY_PHASE_STRIP = NO;
				DEBUG_INFORMATION_FORMAT = dwarf;
				ENABLE_STRICT_OBJC_MSGSEND = YES;
				ENABLE_TESTABILITY = YES;
				GCC_C_LANGUAGE_STANDARD = gnu11;
				GCC_DYNAMIC_NO_PIC = NO;
				GCC_NO_COMMON_BLOCKS = YES;
				GCC_OPTIMIZATION_LEVEL = 0;
				GCC_PREPROCESSOR_DEFINITIONS = (
					"DEBUG=1",
					"$(inherited)",
				);
				GCC_WARN_64_TO_32_BIT_CONVERSION = YES;
				GCC_WARN_ABOUT_RETURN_TYPE = YES_ERROR;
				GCC_WARN_UNDECLARED_SELECTOR = YES;
				GCC_WARN_UNINITIALIZED_AUTOS = YES_AGGRESSIVE;
				GCC_WARN_UNUSED_FUNCTION = YES;
				GCC_WARN_UNUSED_VARIABLE = YES;
				INFOPLIST_KEY_LSUIElement = YES;
				MACOSX_DEPLOYMENT_TARGET = 13.3;
				MTL_ENABLE_DEBUG_INFO = INCLUDE_SOURCE;
				MTL_FAST_MATH = YES;
				ONLY_ACTIVE_ARCH = YES;
				SDKROOT = macosx;
				SWIFT_ACTIVE_COMPILATION_CONDITIONS = DEBUG;
				SWIFT_OPTIMIZATION_LEVEL = "-Onone";
			};
			name = Debug;
		};
		394BC3C62A19E3890020B18B /* Release */ = {
			isa = XCBuildConfiguration;
			buildSettings = {
				ALWAYS_SEARCH_USER_PATHS = NO;
				CLANG_ANALYZER_NONNULL = YES;
				CLANG_ANALYZER_NUMBER_OBJECT_CONVERSION = YES_AGGRESSIVE;
				CLANG_CXX_LANGUAGE_STANDARD = "gnu++20";
				CLANG_ENABLE_MODULES = YES;
				CLANG_ENABLE_OBJC_ARC = YES;
				CLANG_ENABLE_OBJC_WEAK = YES;
				CLANG_WARN_BLOCK_CAPTURE_AUTORELEASING = YES;
				CLANG_WARN_BOOL_CONVERSION = YES;
				CLANG_WARN_COMMA = YES;
				CLANG_WARN_CONSTANT_CONVERSION = YES;
				CLANG_WARN_DEPRECATED_OBJC_IMPLEMENTATIONS = YES;
				CLANG_WARN_DIRECT_OBJC_ISA_USAGE = YES_ERROR;
				CLANG_WARN_DOCUMENTATION_COMMENTS = YES;
				CLANG_WARN_EMPTY_BODY = YES;
				CLANG_WARN_ENUM_CONVERSION = YES;
				CLANG_WARN_INFINITE_RECURSION = YES;
				CLANG_WARN_INT_CONVERSION = YES;
				CLANG_WARN_NON_LITERAL_NULL_CONVERSION = YES;
				CLANG_WARN_OBJC_IMPLICIT_RETAIN_SELF = YES;
				CLANG_WARN_OBJC_LITERAL_CONVERSION = YES;
				CLANG_WARN_OBJC_ROOT_CLASS = YES_ERROR;
				CLANG_WARN_QUOTED_INCLUDE_IN_FRAMEWORK_HEADER = YES;
				CLANG_WARN_RANGE_LOOP_ANALYSIS = YES;
				CLANG_WARN_STRICT_PROTOTYPES = YES;
				CLANG_WARN_SUSPICIOUS_MOVE = YES;
				CLANG_WARN_UNGUARDED_AVAILABILITY = YES_AGGRESSIVE;
				CLANG_WARN_UNREACHABLE_CODE = YES;
				CLANG_WARN__DUPLICATE_METHOD_MATCH = YES;
				COPY_PHASE_STRIP = NO;
				DEBUG_INFORMATION_FORMAT = "dwarf-with-dsym";
				ENABLE_NS_ASSERTIONS = NO;
				ENABLE_STRICT_OBJC_MSGSEND = YES;
				GCC_C_LANGUAGE_STANDARD = gnu11;
				GCC_NO_COMMON_BLOCKS = YES;
				GCC_WARN_64_TO_32_BIT_CONVERSION = YES;
				GCC_WARN_ABOUT_RETURN_TYPE = YES_ERROR;
				GCC_WARN_UNDECLARED_SELECTOR = YES;
				GCC_WARN_UNINITIALIZED_AUTOS = YES_AGGRESSIVE;
				GCC_WARN_UNUSED_FUNCTION = YES;
				GCC_WARN_UNUSED_VARIABLE = YES;
				INFOPLIST_KEY_LSUIElement = YES;
				MACOSX_DEPLOYMENT_TARGET = 13.3;
				MTL_ENABLE_DEBUG_INFO = NO;
				MTL_FAST_MATH = YES;
				SDKROOT = macosx;
				SWIFT_COMPILATION_MODE = wholemodule;
				SWIFT_OPTIMIZATION_LEVEL = "-O";
			};
			name = Release;
		};
		394BC3C82A19E3890020B18B /* Debug */ = {
			isa = XCBuildConfiguration;
			buildSettings = {
				ASSETCATALOG_COMPILER_APPICON_NAME = AppIcon;
				ASSETCATALOG_COMPILER_GLOBAL_ACCENT_COLOR_NAME = AccentColor;
				CODE_SIGN_ENTITLEMENTS = PreForget/PreForget.entitlements;
				CODE_SIGN_STYLE = Automatic;
				COMBINE_HIDPI_IMAGES = YES;
				CURRENT_PROJECT_VERSION = 1;
				DEVELOPMENT_ASSET_PATHS = "\"PreForget/Preview Content\"";
				ENABLE_PREVIEWS = YES;
				GENERATE_INFOPLIST_FILE = YES;
				INFOPLIST_KEY_NSHumanReadableCopyright = "";
				LD_RUNPATH_SEARCH_PATHS = (
					"$(inherited)",
					"@executable_path/../Frameworks",
				);
				MARKETING_VERSION = 1.0;
				PRODUCT_BUNDLE_IDENTIFIER = asj9469.PreForget;
				PRODUCT_NAME = "$(TARGET_NAME)";
				SWIFT_EMIT_LOC_STRINGS = YES;
				SWIFT_VERSION = 5.0;
			};
			name = Debug;
		};
		394BC3C92A19E3890020B18B /* Release */ = {
			isa = XCBuildConfiguration;
			buildSettings = {
				ASSETCATALOG_COMPILER_APPICON_NAME = AppIcon;
				ASSETCATALOG_COMPILER_GLOBAL_ACCENT_COLOR_NAME = AccentColor;
				CODE_SIGN_ENTITLEMENTS = PreForget/PreForget.entitlements;
				CODE_SIGN_STYLE = Automatic;
				COMBINE_HIDPI_IMAGES = YES;
				CURRENT_PROJECT_VERSION = 1;
				DEVELOPMENT_ASSET_PATHS = "\"PreForget/Preview Content\"";
				ENABLE_PREVIEWS = YES;
				GENERATE_INFOPLIST_FILE = YES;
				INFOPLIST_KEY_NSHumanReadableCopyright = "";
				LD_RUNPATH_SEARCH_PATHS = (
					"$(inherited)",
					"@executable_path/../Frameworks",
				);
				MARKETING_VERSION = 1.0;
				PRODUCT_BUNDLE_IDENTIFIER = asj9469.PreForget;
				PRODUCT_NAME = "$(TARGET_NAME)";
				SWIFT_EMIT_LOC_STRINGS = YES;
				SWIFT_VERSION = 5.0;
			};
			name = Release;
		};
		394BC3CB2A19E3890020B18B /* Debug */ = {
			isa = XCBuildConfiguration;
			buildSettings = {
				ALWAYS_EMBED_SWIFT_STANDARD_LIBRARIES = YES;
				BUNDLE_LOADER = "$(TEST_HOST)";
				CODE_SIGN_STYLE = Automatic;
				CURRENT_PROJECT_VERSION = 1;
				GENERATE_INFOPLIST_FILE = YES;
				MACOSX_DEPLOYMENT_TARGET = 13.3;
				MARKETING_VERSION = 1.0;
				PRODUCT_BUNDLE_IDENTIFIER = asj9469.PreForgetTests;
				PRODUCT_NAME = "$(TARGET_NAME)";
				SWIFT_EMIT_LOC_STRINGS = NO;
				SWIFT_VERSION = 5.0;
				TEST_HOST = "$(BUILT_PRODUCTS_DIR)/PreForget.app/$(BUNDLE_EXECUTABLE_FOLDER_PATH)/PreForget";
			};
			name = Debug;
		};
		394BC3CC2A19E3890020B18B /* Release */ = {
			isa = XCBuildConfiguration;
			buildSettings = {
				ALWAYS_EMBED_SWIFT_STANDARD_LIBRARIES = YES;
				BUNDLE_LOADER = "$(TEST_HOST)";
				CODE_SIGN_STYLE = Automatic;
				CURRENT_PROJECT_VERSION = 1;
				GENERATE_INFOPLIST_FILE = YES;
				MACOSX_DEPLOYMENT_TARGET = 13.3;
				MARKETING_VERSION = 1.0;
				PRODUCT_BUNDLE_IDENTIFIER = asj9469.PreForgetTests;
				PRODUCT_NAME = "$(TARGET_NAME)";
				SWIFT_EMIT_LOC_STRINGS = NO;
				SWIFT_VERSION = 5.0;
				TEST_HOST = "$(BUILT_PRODUCTS_DIR)/PreForget.app/$(BUNDLE_EXECUTABLE_FOLDER_PATH)/PreForget";
			};
			name = Release;
		};
		394BC3CE2A19E3890020B18B /* Debug */ = {
			isa = XCBuildConfiguration;
			buildSettings = {
				ALWAYS_EMBED_SWIFT_STANDARD_LIBRARIES = YES;
				CODE_SIGN_STYLE = Automatic;
				CURRENT_PROJECT_VERSION = 1;
				GENERATE_INFOPLIST_FILE = YES;
				MARKETING_VERSION = 1.0;
				PRODUCT_BUNDLE_IDENTIFIER = asj9469.PreForgetUITests;
				PRODUCT_NAME = "$(TARGET_NAME)";
				SWIFT_EMIT_LOC_STRINGS = NO;
				SWIFT_VERSION = 5.0;
				TEST_TARGET_NAME = PreForget;
			};
			name = Debug;
		};
		394BC3CF2A19E3890020B18B /* Release */ = {
			isa = XCBuildConfiguration;
			buildSettings = {
				ALWAYS_EMBED_SWIFT_STANDARD_LIBRARIES = YES;
				CODE_SIGN_STYLE = Automatic;
				CURRENT_PROJECT_VERSION = 1;
				GENERATE_INFOPLIST_FILE = YES;
				MARKETING_VERSION = 1.0;
				PRODUCT_BUNDLE_IDENTIFIER = asj9469.PreForgetUITests;
				PRODUCT_NAME = "$(TARGET_NAME)";
				SWIFT_EMIT_LOC_STRINGS = NO;
				SWIFT_VERSION = 5.0;
				TEST_TARGET_NAME = PreForget;
			};
			name = Release;
		};
/* End XCBuildConfiguration section */

/* Begin XCConfigurationList section */
		394BC3982A19E3860020B18B /* Build configuration list for PBXProject "PreForget" */ = {
			isa = XCConfigurationList;
			buildConfigurations = (
				394BC3C52A19E3890020B18B /* Debug */,
				394BC3C62A19E3890020B18B /* Release */,
			);
			defaultConfigurationIsVisible = 0;
			defaultConfigurationName = Release;
		};
		394BC3C72A19E3890020B18B /* Build configuration list for PBXNativeTarget "PreForget" */ = {
			isa = XCConfigurationList;
			buildConfigurations = (
				394BC3C82A19E3890020B18B /* Debug */,
				394BC3C92A19E3890020B18B /* Release */,
			);
			defaultConfigurationIsVisible = 0;
			defaultConfigurationName = Release;
		};
		394BC3CA2A19E3890020B18B /* Build configuration list for PBXNativeTarget "PreForgetTests" */ = {
			isa = XCConfigurationList;
			buildConfigurations = (
				394BC3CB2A19E3890020B18B /* Debug */,
				394BC3CC2A19E3890020B18B /* Release */,
			);
			defaultConfigurationIsVisible = 0;
			defaultConfigurationName = Release;
		};
		394BC3CD2A19E3890020B18B /* Build configuration list for PBXNativeTarget "PreForgetUITests" */ = {
			isa = XCConfigurationList;
			buildConfigurations = (
				394BC3CE2A19E3890020B18B /* Debug */,
				394BC3CF2A19E3890020B18B /* Release */,
			);
			defaultConfigurationIsVisible = 0;
			defaultConfigurationName = Release;
		};
/* End XCConfigurationList section */

/* Begin XCRemoteSwiftPackageReference section */
		394BC3FF2A19E9AA0020B18B /* XCRemoteSwiftPackageReference "NVMColor_swift" */ = {
			isa = XCRemoteSwiftPackageReference;
			repositoryURL = "https://github.com/NVMNovem/NVMColor_swift";
			requirement = {
				kind = upToNextMajorVersion;
				minimumVersion = 1.0.0;
			};
		};
		394BC4022A19E9BA0020B18B /* XCRemoteSwiftPackageReference "LaunchAtLogin-Modern" */ = {
			isa = XCRemoteSwiftPackageReference;
			repositoryURL = "https://github.com/sindresorhus/LaunchAtLogin-Modern";
			requirement = {
				branch = main;
				kind = branch;
			};
		};
/* End XCRemoteSwiftPackageReference section */

/* Begin XCSwiftPackageProductDependency section */
		394BC4002A19E9AA0020B18B /* NVMColor */ = {
			isa = XCSwiftPackageProductDependency;
			package = 394BC3FF2A19E9AA0020B18B /* XCRemoteSwiftPackageReference "NVMColor_swift" */;
			productName = NVMColor;
		};
		394BC4032A19E9BA0020B18B /* LaunchAtLogin */ = {
			isa = XCSwiftPackageProductDependency;
			package = 394BC4022A19E9BA0020B18B /* XCRemoteSwiftPackageReference "LaunchAtLogin-Modern" */;
			productName = LaunchAtLogin;
		};
/* End XCSwiftPackageProductDependency section */

/* Begin XCVersionGroup section */
		394BC3D92A19E4860020B18B /* TaskModel.xcdatamodeld */ = {
			isa = XCVersionGroup;
			children = (
				394BC3DA2A19E4860020B18B /* TaskModel.xcdatamodel */,
			);
			currentVersion = 394BC3DA2A19E4860020B18B /* TaskModel.xcdatamodel */;
			path = TaskModel.xcdatamodeld;
			sourceTree = "<group>";
			versionGroupType = wrapper.xcdatamodel;
		};
/* End XCVersionGroup section */
	};
	rootObject = 394BC3952A19E3860020B18B /* Project object */;
}
